// !$*UTF8*$!
{
	archiveVersion = 1;
	classes = {
	};
	objectVersion = 52;
	objects = {

/* Begin PBXBuildFile section */
		931BE97925F7DF030030444F /* AmountAdjustButton.swift in Sources */ = {isa = PBXBuildFile; fileRef = 931BE97825F7DF030030444F /* AmountAdjustButton.swift */; };
		9364AD5F25D37BCF00149F49 /* UnitOfMeasurementToggleStyle.swift in Sources */ = {isa = PBXBuildFile; fileRef = 9364AD5E25D37BCF00149F49 /* UnitOfMeasurementToggleStyle.swift */; };
		9375EEE825D1B3900003A323 /* RatioApp.swift in Sources */ = {isa = PBXBuildFile; fileRef = 9375EEE725D1B3900003A323 /* RatioApp.swift */; };
		9375EEEA25D1B3900003A323 /* ContentView.swift in Sources */ = {isa = PBXBuildFile; fileRef = 9375EEE925D1B3900003A323 /* ContentView.swift */; };
		9375EEEC25D1B3910003A323 /* Assets.xcassets in Resources */ = {isa = PBXBuildFile; fileRef = 9375EEEB25D1B3910003A323 /* Assets.xcassets */; };
		9375EEEF25D1B3910003A323 /* Preview Assets.xcassets in Resources */ = {isa = PBXBuildFile; fileRef = 9375EEEE25D1B3910003A323 /* Preview Assets.xcassets */; };
		937FD32525D2115E0048C406 /* LockToggleStyle.swift in Sources */ = {isa = PBXBuildFile; fileRef = 937FD32425D2115E0048C406 /* LockToggleStyle.swift */; };
		937FD32B25D216160048C406 /* ComposableArchitecture in Frameworks */ = {isa = PBXBuildFile; productRef = 937FD32A25D216160048C406 /* ComposableArchitecture */; };
		937FD32E25D216830048C406 /* AppState.swift in Sources */ = {isa = PBXBuildFile; fileRef = 937FD32D25D216830048C406 /* AppState.swift */; };
		93A9FDEA25F6911D006D5428 /* Coffio.swift in Sources */ = {isa = PBXBuildFile; fileRef = 93A9FDE925F6911D006D5428 /* Coffio.swift */; };
		93B4C76B25F7E53400E479C1 /* Color+Extension.swift in Sources */ = {isa = PBXBuildFile; fileRef = 93B4C76A25F7E53400E479C1 /* Color+Extension.swift */; };
		93B4C77125F90F7B00E479C1 /* Font+Extension.swift in Sources */ = {isa = PBXBuildFile; fileRef = 93B4C77025F90F7B00E479C1 /* Font+Extension.swift */; };
		93B4C77425F90FC900E479C1 /* View+Extension.swift in Sources */ = {isa = PBXBuildFile; fileRef = 93B4C77325F90FC900E479C1 /* View+Extension.swift */; };
		93B4C77D25FA74E900E479C1 /* UnitConversionView.swift in Sources */ = {isa = PBXBuildFile; fileRef = 93B4C77C25FA74E900E479C1 /* UnitConversionView.swift */; };
		93B4C78225FA752D00E479C1 /* RatioView.swift in Sources */ = {isa = PBXBuildFile; fileRef = 93B4C78125FA752D00E479C1 /* RatioView.swift */; };
		93B4C78825FD386800E479C1 /* CoffioText.swift in Sources */ = {isa = PBXBuildFile; fileRef = 93B4C78725FD386800E479C1 /* CoffioText.swift */; };
		93B4C78B25FD38D500E479C1 /* Gradient+Extension.swift in Sources */ = {isa = PBXBuildFile; fileRef = 93B4C78A25FD38D500E479C1 /* Gradient+Extension.swift */; };
		93B4C78F25FD3A8C00E479C1 /* BoundsPreferenceKey.swift in Sources */ = {isa = PBXBuildFile; fileRef = 93B4C78E25FD3A8C00E479C1 /* BoundsPreferenceKey.swift */; };
		93B4C79725FD3AE300E479C1 /* WaterAmountView.swift in Sources */ = {isa = PBXBuildFile; fileRef = 93B4C79625FD3AE300E479C1 /* WaterAmountView.swift */; };
		93B4C79A25FD3B0300E479C1 /* CoffeeAmountView.swift in Sources */ = {isa = PBXBuildFile; fileRef = 93B4C79925FD3B0300E479C1 /* CoffeeAmountView.swift */; };
		93B4C7A325FD62E400E479C1 /* Comparable+Extension.swift in Sources */ = {isa = PBXBuildFile; fileRef = 93B4C7A225FD62E300E479C1 /* Comparable+Extension.swift */; };
		93B4C7A925FDC2BD00E479C1 /* Double+Extension.swift in Sources */ = {isa = PBXBuildFile; fileRef = 93B4C7A825FDC2BD00E479C1 /* Double+Extension.swift */; };
		93B4C7AC25FDC47C00E479C1 /* AppState+Helpers.swift in Sources */ = {isa = PBXBuildFile; fileRef = 93B4C7AB25FDC47C00E479C1 /* AppState+Helpers.swift */; };
		93B4C7AF25FDC4A700E479C1 /* Reducer+Extension.swift in Sources */ = {isa = PBXBuildFile; fileRef = 93B4C7AE25FDC4A700E479C1 /* Reducer+Extension.swift */; };
		93C8399625F6979F00C66710 /* Orbitron-Medium.ttf in Resources */ = {isa = PBXBuildFile; fileRef = 93C8399325F6979F00C66710 /* Orbitron-Medium.ttf */; };
		93C8399725F6979F00C66710 /* Exo2-SemiBold.ttf in Resources */ = {isa = PBXBuildFile; fileRef = 93C8399425F6979F00C66710 /* Exo2-SemiBold.ttf */; };
		93C8399825F6979F00C66710 /* Exo2-MediumItalic.ttf in Resources */ = {isa = PBXBuildFile; fileRef = 93C8399525F6979F00C66710 /* Exo2-MediumItalic.ttf */; };
/* End PBXBuildFile section */

/* Begin PBXFileReference section */
		931BE97825F7DF030030444F /* AmountAdjustButton.swift */ = {isa = PBXFileReference; lastKnownFileType = sourcecode.swift; path = AmountAdjustButton.swift; sourceTree = "<group>"; };
		9364AD5E25D37BCF00149F49 /* UnitOfMeasurementToggleStyle.swift */ = {isa = PBXFileReference; lastKnownFileType = sourcecode.swift; path = UnitOfMeasurementToggleStyle.swift; sourceTree = "<group>"; };
		9375EEE425D1B3900003A323 /* Ratio.app */ = {isa = PBXFileReference; explicitFileType = wrapper.application; includeInIndex = 0; path = Ratio.app; sourceTree = BUILT_PRODUCTS_DIR; };
		9375EEE725D1B3900003A323 /* RatioApp.swift */ = {isa = PBXFileReference; lastKnownFileType = sourcecode.swift; path = RatioApp.swift; sourceTree = "<group>"; };
		9375EEE925D1B3900003A323 /* ContentView.swift */ = {isa = PBXFileReference; lastKnownFileType = sourcecode.swift; path = ContentView.swift; sourceTree = "<group>"; };
		9375EEEB25D1B3910003A323 /* Assets.xcassets */ = {isa = PBXFileReference; lastKnownFileType = folder.assetcatalog; path = Assets.xcassets; sourceTree = "<group>"; };
		9375EEEE25D1B3910003A323 /* Preview Assets.xcassets */ = {isa = PBXFileReference; lastKnownFileType = folder.assetcatalog; path = "Preview Assets.xcassets"; sourceTree = "<group>"; };
		9375EEF025D1B3910003A323 /* Info.plist */ = {isa = PBXFileReference; lastKnownFileType = text.plist.xml; path = Info.plist; sourceTree = "<group>"; };
		937FD32425D2115E0048C406 /* LockToggleStyle.swift */ = {isa = PBXFileReference; lastKnownFileType = sourcecode.swift; path = LockToggleStyle.swift; sourceTree = "<group>"; };
		937FD32D25D216830048C406 /* AppState.swift */ = {isa = PBXFileReference; lastKnownFileType = sourcecode.swift; path = AppState.swift; sourceTree = "<group>"; };
		93A9FDE925F6911D006D5428 /* Coffio.swift */ = {isa = PBXFileReference; lastKnownFileType = sourcecode.swift; path = Coffio.swift; sourceTree = "<group>"; };
		93B4C76A25F7E53400E479C1 /* Color+Extension.swift */ = {isa = PBXFileReference; lastKnownFileType = sourcecode.swift; path = "Color+Extension.swift"; sourceTree = "<group>"; };
		93B4C77025F90F7B00E479C1 /* Font+Extension.swift */ = {isa = PBXFileReference; lastKnownFileType = sourcecode.swift; path = "Font+Extension.swift"; sourceTree = "<group>"; };
		93B4C77325F90FC900E479C1 /* View+Extension.swift */ = {isa = PBXFileReference; lastKnownFileType = sourcecode.swift; path = "View+Extension.swift"; sourceTree = "<group>"; };
		93B4C77C25FA74E900E479C1 /* UnitConversionView.swift */ = {isa = PBXFileReference; lastKnownFileType = sourcecode.swift; path = UnitConversionView.swift; sourceTree = "<group>"; };
		93B4C78125FA752D00E479C1 /* RatioView.swift */ = {isa = PBXFileReference; lastKnownFileType = sourcecode.swift; path = RatioView.swift; sourceTree = "<group>"; };
		93B4C78725FD386800E479C1 /* CoffioText.swift */ = {isa = PBXFileReference; lastKnownFileType = sourcecode.swift; path = CoffioText.swift; sourceTree = "<group>"; };
		93B4C78A25FD38D500E479C1 /* Gradient+Extension.swift */ = {isa = PBXFileReference; lastKnownFileType = sourcecode.swift; path = "Gradient+Extension.swift"; sourceTree = "<group>"; };
		93B4C78E25FD3A8C00E479C1 /* BoundsPreferenceKey.swift */ = {isa = PBXFileReference; lastKnownFileType = sourcecode.swift; path = BoundsPreferenceKey.swift; sourceTree = "<group>"; };
		93B4C79625FD3AE300E479C1 /* WaterAmountView.swift */ = {isa = PBXFileReference; lastKnownFileType = sourcecode.swift; path = WaterAmountView.swift; sourceTree = "<group>"; };
		93B4C79925FD3B0300E479C1 /* CoffeeAmountView.swift */ = {isa = PBXFileReference; lastKnownFileType = sourcecode.swift; path = CoffeeAmountView.swift; sourceTree = "<group>"; };
		93B4C7A225FD62E300E479C1 /* Comparable+Extension.swift */ = {isa = PBXFileReference; lastKnownFileType = sourcecode.swift; path = "Comparable+Extension.swift"; sourceTree = "<group>"; };
		93B4C7A825FDC2BD00E479C1 /* Double+Extension.swift */ = {isa = PBXFileReference; lastKnownFileType = sourcecode.swift; path = "Double+Extension.swift"; sourceTree = "<group>"; };
		93B4C7AB25FDC47C00E479C1 /* AppState+Helpers.swift */ = {isa = PBXFileReference; lastKnownFileType = sourcecode.swift; path = "AppState+Helpers.swift"; sourceTree = "<group>"; };
		93B4C7AE25FDC4A700E479C1 /* Reducer+Extension.swift */ = {isa = PBXFileReference; lastKnownFileType = sourcecode.swift; path = "Reducer+Extension.swift"; sourceTree = "<group>"; };
		93C8399325F6979F00C66710 /* Orbitron-Medium.ttf */ = {isa = PBXFileReference; lastKnownFileType = file; path = "Orbitron-Medium.ttf"; sourceTree = "<group>"; };
		93C8399425F6979F00C66710 /* Exo2-SemiBold.ttf */ = {isa = PBXFileReference; lastKnownFileType = file; path = "Exo2-SemiBold.ttf"; sourceTree = "<group>"; };
		93C8399525F6979F00C66710 /* Exo2-MediumItalic.ttf */ = {isa = PBXFileReference; lastKnownFileType = file; path = "Exo2-MediumItalic.ttf"; sourceTree = "<group>"; };
/* End PBXFileReference section */

/* Begin PBXFrameworksBuildPhase section */
		9375EEE125D1B3900003A323 /* Frameworks */ = {
			isa = PBXFrameworksBuildPhase;
			buildActionMask = 2147483647;
			files = (
				937FD32B25D216160048C406 /* ComposableArchitecture in Frameworks */,
			);
			runOnlyForDeploymentPostprocessing = 0;
		};
/* End PBXFrameworksBuildPhase section */

/* Begin PBXGroup section */
		931BE97B25F7DF090030444F /* UI */ = {
			isa = PBXGroup;
			children = (
				931BE97825F7DF030030444F /* AmountAdjustButton.swift */,
				93B4C78725FD386800E479C1 /* CoffioText.swift */,
			);
			path = UI;
			sourceTree = "<group>";
		};
		9375EEDB25D1B3900003A323 = {
			isa = PBXGroup;
			children = (
				9375EEE625D1B3900003A323 /* Ratio */,
				9375EEE525D1B3900003A323 /* Products */,
			);
			sourceTree = "<group>";
		};
		9375EEE525D1B3900003A323 /* Products */ = {
			isa = PBXGroup;
			children = (
				9375EEE425D1B3900003A323 /* Ratio.app */,
			);
			name = Products;
			sourceTree = "<group>";
		};
		9375EEE625D1B3900003A323 /* Ratio */ = {
			isa = PBXGroup;
			children = (
				937FD32D25D216830048C406 /* AppState.swift */,
				93B4C7AB25FDC47C00E479C1 /* AppState+Helpers.swift */,
				93B4C7AE25FDC4A700E479C1 /* Reducer+Extension.swift */,
				937FD33025D216C00048C406 /* Main */,
				937FD32725D211670048C406 /* Styles */,
				9375EEEB25D1B3910003A323 /* Assets.xcassets */,
				93C8399A25F697A400C66710 /* Resources */,
				9375EEF025D1B3910003A323 /* Info.plist */,
				9375EEED25D1B3910003A323 /* Preview Content */,
				9382B05425FEB367004DCA4B /* Old */,
			);
			path = Ratio;
			sourceTree = "<group>";
		};
		9375EEED25D1B3910003A323 /* Preview Content */ = {
			isa = PBXGroup;
			children = (
				9375EEEE25D1B3910003A323 /* Preview Assets.xcassets */,
			);
			path = "Preview Content";
			sourceTree = "<group>";
		};
		937FD32725D211670048C406 /* Styles */ = {
			isa = PBXGroup;
			children = (
				937FD32425D2115E0048C406 /* LockToggleStyle.swift */,
				9364AD5E25D37BCF00149F49 /* UnitOfMeasurementToggleStyle.swift */,
			);
			path = Styles;
			sourceTree = "<group>";
		};
		937FD33025D216C00048C406 /* Main */ = {
			isa = PBXGroup;
			children = (
				9375EEE725D1B3900003A323 /* RatioApp.swift */,
				93A9FDE925F6911D006D5428 /* Coffio.swift */,
				93B4C77F25FA751A00E479C1 /* Views */,
				93B4C76D25F7E53700E479C1 /* Extensions */,
				93B4C79125FD3A8F00E479C1 /* Keys */,
				931BE97B25F7DF090030444F /* UI */,
			);
			path = Main;
			sourceTree = "<group>";
		};
		9382B05425FEB367004DCA4B /* Old */ = {
			isa = PBXGroup;
			children = (
				9375EEE925D1B3900003A323 /* ContentView.swift */,
			);
			path = Old;
			sourceTree = "<group>";
		};
		93B4C76D25F7E53700E479C1 /* Extensions */ = {
			isa = PBXGroup;
			children = (
				93B4C7A825FDC2BD00E479C1 /* Double+Extension.swift */,
				93B4C76A25F7E53400E479C1 /* Color+Extension.swift */,
				93B4C7A225FD62E300E479C1 /* Comparable+Extension.swift */,
				93B4C77025F90F7B00E479C1 /* Font+Extension.swift */,
				93B4C78A25FD38D500E479C1 /* Gradient+Extension.swift */,
				93B4C77325F90FC900E479C1 /* View+Extension.swift */,
			);
			path = Extensions;
			sourceTree = "<group>";
		};
		93B4C77F25FA751A00E479C1 /* Views */ = {
			isa = PBXGroup;
			children = (
				93B4C78125FA752D00E479C1 /* RatioView.swift */,
				93B4C79925FD3B0300E479C1 /* CoffeeAmountView.swift */,
				93B4C79625FD3AE300E479C1 /* WaterAmountView.swift */,
				93B4C77C25FA74E900E479C1 /* UnitConversionView.swift */,
			);
			path = Views;
			sourceTree = "<group>";
		};
		93B4C79125FD3A8F00E479C1 /* Keys */ = {
			isa = PBXGroup;
			children = (
				93B4C78E25FD3A8C00E479C1 /* BoundsPreferenceKey.swift */,
			);
			path = Keys;
			sourceTree = "<group>";
		};
		93C8399225F6979F00C66710 /* Fonts */ = {
			isa = PBXGroup;
			children = (
				93C8399325F6979F00C66710 /* Orbitron-Medium.ttf */,
				93C8399425F6979F00C66710 /* Exo2-SemiBold.ttf */,
				93C8399525F6979F00C66710 /* Exo2-MediumItalic.ttf */,
			);
			path = Fonts;
			sourceTree = "<group>";
		};
		93C8399A25F697A400C66710 /* Resources */ = {
			isa = PBXGroup;
			children = (
				93C8399225F6979F00C66710 /* Fonts */,
			);
			path = Resources;
			sourceTree = "<group>";
		};
/* End PBXGroup section */

/* Begin PBXNativeTarget section */
		9375EEE325D1B3900003A323 /* Ratio */ = {
			isa = PBXNativeTarget;
			buildConfigurationList = 9375EEF325D1B3910003A323 /* Build configuration list for PBXNativeTarget "Ratio" */;
			buildPhases = (
				9375EEE025D1B3900003A323 /* Sources */,
				9375EEE125D1B3900003A323 /* Frameworks */,
				9375EEE225D1B3900003A323 /* Resources */,
			);
			buildRules = (
			);
			dependencies = (
			);
			name = Ratio;
			packageProductDependencies = (
				937FD32A25D216160048C406 /* ComposableArchitecture */,
			);
			productName = Ratio;
			productReference = 9375EEE425D1B3900003A323 /* Ratio.app */;
			productType = "com.apple.product-type.application";
		};
/* End PBXNativeTarget section */

/* Begin PBXProject section */
		9375EEDC25D1B3900003A323 /* Project object */ = {
			isa = PBXProject;
			attributes = {
				LastSwiftUpdateCheck = 1240;
				LastUpgradeCheck = 1240;
				TargetAttributes = {
					9375EEE325D1B3900003A323 = {
						CreatedOnToolsVersion = 12.4;
					};
				};
			};
			buildConfigurationList = 9375EEDF25D1B3900003A323 /* Build configuration list for PBXProject "Ratio" */;
			compatibilityVersion = "Xcode 9.3";
			developmentRegion = en;
			hasScannedForEncodings = 0;
			knownRegions = (
				en,
				Base,
			);
			mainGroup = 9375EEDB25D1B3900003A323;
			packageReferences = (
				937FD32925D216160048C406 /* XCRemoteSwiftPackageReference "swift-composable-architecture" */,
			);
			productRefGroup = 9375EEE525D1B3900003A323 /* Products */;
			projectDirPath = "";
			projectRoot = "";
			targets = (
				9375EEE325D1B3900003A323 /* Ratio */,
			);
		};
/* End PBXProject section */

/* Begin PBXResourcesBuildPhase section */
		9375EEE225D1B3900003A323 /* Resources */ = {
			isa = PBXResourcesBuildPhase;
			buildActionMask = 2147483647;
			files = (
				9375EEEF25D1B3910003A323 /* Preview Assets.xcassets in Resources */,
				9375EEEC25D1B3910003A323 /* Assets.xcassets in Resources */,
				93C8399625F6979F00C66710 /* Orbitron-Medium.ttf in Resources */,
				93C8399825F6979F00C66710 /* Exo2-MediumItalic.ttf in Resources */,
				93C8399725F6979F00C66710 /* Exo2-SemiBold.ttf in Resources */,
			);
			runOnlyForDeploymentPostprocessing = 0;
		};
/* End PBXResourcesBuildPhase section */

/* Begin PBXSourcesBuildPhase section */
		9375EEE025D1B3900003A323 /* Sources */ = {
			isa = PBXSourcesBuildPhase;
			buildActionMask = 2147483647;
			files = (
				93B4C7A325FD62E400E479C1 /* Comparable+Extension.swift in Sources */,
				93B4C78B25FD38D500E479C1 /* Gradient+Extension.swift in Sources */,
				931BE97925F7DF030030444F /* AmountAdjustButton.swift in Sources */,
				93B4C76B25F7E53400E479C1 /* Color+Extension.swift in Sources */,
				93A9FDEA25F6911D006D5428 /* Coffio.swift in Sources */,
				937FD32525D2115E0048C406 /* LockToggleStyle.swift in Sources */,
				937FD32E25D216830048C406 /* AppState.swift in Sources */,
				9375EEEA25D1B3900003A323 /* ContentView.swift in Sources */,
				93B4C7AC25FDC47C00E479C1 /* AppState+Helpers.swift in Sources */,
				93B4C7A925FDC2BD00E479C1 /* Double+Extension.swift in Sources */,
				93B4C78F25FD3A8C00E479C1 /* BoundsPreferenceKey.swift in Sources */,
				93B4C77125F90F7B00E479C1 /* Font+Extension.swift in Sources */,
				93B4C7AF25FDC4A700E479C1 /* Reducer+Extension.swift in Sources */,
				93B4C78225FA752D00E479C1 /* RatioView.swift in Sources */,
				93B4C79A25FD3B0300E479C1 /* CoffeeAmountView.swift in Sources */,
				93B4C77425F90FC900E479C1 /* View+Extension.swift in Sources */,
				93B4C77D25FA74E900E479C1 /* UnitConversionView.swift in Sources */,
				93B4C79725FD3AE300E479C1 /* WaterAmountView.swift in Sources */,
				9375EEE825D1B3900003A323 /* RatioApp.swift in Sources */,
				93B4C78825FD386800E479C1 /* CoffioText.swift in Sources */,
				9364AD5F25D37BCF00149F49 /* UnitOfMeasurementToggleStyle.swift in Sources */,
			);
			runOnlyForDeploymentPostprocessing = 0;
		};
/* End PBXSourcesBuildPhase section */

/* Begin XCBuildConfiguration section */
		9375EEF125D1B3910003A323 /* Debug */ = {
			isa = XCBuildConfiguration;
			buildSettings = {
				ALWAYS_SEARCH_USER_PATHS = NO;
				CLANG_ANALYZER_NONNULL = YES;
				CLANG_ANALYZER_NUMBER_OBJECT_CONVERSION = YES_AGGRESSIVE;
				CLANG_CXX_LANGUAGE_STANDARD = "gnu++14";
				CLANG_CXX_LIBRARY = "libc++";
				CLANG_ENABLE_MODULES = YES;
				CLANG_ENABLE_OBJC_ARC = YES;
				CLANG_ENABLE_OBJC_WEAK = YES;
				CLANG_WARN_BLOCK_CAPTURE_AUTORELEASING = YES;
				CLANG_WARN_BOOL_CONVERSION = YES;
				CLANG_WARN_COMMA = YES;
				CLANG_WARN_CONSTANT_CONVERSION = YES;
				CLANG_WARN_DEPRECATED_OBJC_IMPLEMENTATIONS = YES;
				CLANG_WARN_DIRECT_OBJC_ISA_USAGE = YES_ERROR;
				CLANG_WARN_DOCUMENTATION_COMMENTS = YES;
				CLANG_WARN_EMPTY_BODY = YES;
				CLANG_WARN_ENUM_CONVERSION = YES;
				CLANG_WARN_INFINITE_RECURSION = YES;
				CLANG_WARN_INT_CONVERSION = YES;
				CLANG_WARN_NON_LITERAL_NULL_CONVERSION = YES;
				CLANG_WARN_OBJC_IMPLICIT_RETAIN_SELF = YES;
				CLANG_WARN_OBJC_LITERAL_CONVERSION = YES;
				CLANG_WARN_OBJC_ROOT_CLASS = YES_ERROR;
				CLANG_WARN_QUOTED_INCLUDE_IN_FRAMEWORK_HEADER = YES;
				CLANG_WARN_RANGE_LOOP_ANALYSIS = YES;
				CLANG_WARN_STRICT_PROTOTYPES = YES;
				CLANG_WARN_SUSPICIOUS_MOVE = YES;
				CLANG_WARN_UNGUARDED_AVAILABILITY = YES_AGGRESSIVE;
				CLANG_WARN_UNREACHABLE_CODE = YES;
				CLANG_WARN__DUPLICATE_METHOD_MATCH = YES;
				COPY_PHASE_STRIP = NO;
				DEBUG_INFORMATION_FORMAT = dwarf;
				ENABLE_STRICT_OBJC_MSGSEND = YES;
				ENABLE_TESTABILITY = YES;
				GCC_C_LANGUAGE_STANDARD = gnu11;
				GCC_DYNAMIC_NO_PIC = NO;
				GCC_NO_COMMON_BLOCKS = YES;
				GCC_OPTIMIZATION_LEVEL = 0;
				GCC_PREPROCESSOR_DEFINITIONS = (
					"DEBUG=1",
					"$(inherited)",
				);
				GCC_WARN_64_TO_32_BIT_CONVERSION = YES;
				GCC_WARN_ABOUT_RETURN_TYPE = YES_ERROR;
				GCC_WARN_UNDECLARED_SELECTOR = YES;
				GCC_WARN_UNINITIALIZED_AUTOS = YES_AGGRESSIVE;
				GCC_WARN_UNUSED_FUNCTION = YES;
				GCC_WARN_UNUSED_VARIABLE = YES;
				IPHONEOS_DEPLOYMENT_TARGET = 14.4;
				MTL_ENABLE_DEBUG_INFO = INCLUDE_SOURCE;
				MTL_FAST_MATH = YES;
				ONLY_ACTIVE_ARCH = YES;
				SDKROOT = iphoneos;
				SWIFT_ACTIVE_COMPILATION_CONDITIONS = DEBUG;
				SWIFT_OPTIMIZATION_LEVEL = "-Onone";
			};
			name = Debug;
		};
		9375EEF225D1B3910003A323 /* Release */ = {
			isa = XCBuildConfiguration;
			buildSettings = {
				ALWAYS_SEARCH_USER_PATHS = NO;
				CLANG_ANALYZER_NONNULL = YES;
				CLANG_ANALYZER_NUMBER_OBJECT_CONVERSION = YES_AGGRESSIVE;
				CLANG_CXX_LANGUAGE_STANDARD = "gnu++14";
				CLANG_CXX_LIBRARY = "libc++";
				CLANG_ENABLE_MODULES = YES;
				CLANG_ENABLE_OBJC_ARC = YES;
				CLANG_ENABLE_OBJC_WEAK = YES;
				CLANG_WARN_BLOCK_CAPTURE_AUTORELEASING = YES;
				CLANG_WARN_BOOL_CONVERSION = YES;
				CLANG_WARN_COMMA = YES;
				CLANG_WARN_CONSTANT_CONVERSION = YES;
				CLANG_WARN_DEPRECATED_OBJC_IMPLEMENTATIONS = YES;
				CLANG_WARN_DIRECT_OBJC_ISA_USAGE = YES_ERROR;
				CLANG_WARN_DOCUMENTATION_COMMENTS = YES;
				CLANG_WARN_EMPTY_BODY = YES;
				CLANG_WARN_ENUM_CONVERSION = YES;
				CLANG_WARN_INFINITE_RECURSION = YES;
				CLANG_WARN_INT_CONVERSION = YES;
				CLANG_WARN_NON_LITERAL_NULL_CONVERSION = YES;
				CLANG_WARN_OBJC_IMPLICIT_RETAIN_SELF = YES;
				CLANG_WARN_OBJC_LITERAL_CONVERSION = YES;
				CLANG_WARN_OBJC_ROOT_CLASS = YES_ERROR;
				CLANG_WARN_QUOTED_INCLUDE_IN_FRAMEWORK_HEADER = YES;
				CLANG_WARN_RANGE_LOOP_ANALYSIS = YES;
				CLANG_WARN_STRICT_PROTOTYPES = YES;
				CLANG_WARN_SUSPICIOUS_MOVE = YES;
				CLANG_WARN_UNGUARDED_AVAILABILITY = YES_AGGRESSIVE;
				CLANG_WARN_UNREACHABLE_CODE = YES;
				CLANG_WARN__DUPLICATE_METHOD_MATCH = YES;
				COPY_PHASE_STRIP = NO;
				DEBUG_INFORMATION_FORMAT = "dwarf-with-dsym";
				ENABLE_NS_ASSERTIONS = NO;
				ENABLE_STRICT_OBJC_MSGSEND = YES;
				GCC_C_LANGUAGE_STANDARD = gnu11;
				GCC_NO_COMMON_BLOCKS = YES;
				GCC_WARN_64_TO_32_BIT_CONVERSION = YES;
				GCC_WARN_ABOUT_RETURN_TYPE = YES_ERROR;
				GCC_WARN_UNDECLARED_SELECTOR = YES;
				GCC_WARN_UNINITIALIZED_AUTOS = YES_AGGRESSIVE;
				GCC_WARN_UNUSED_FUNCTION = YES;
				GCC_WARN_UNUSED_VARIABLE = YES;
				IPHONEOS_DEPLOYMENT_TARGET = 14.4;
				MTL_ENABLE_DEBUG_INFO = NO;
				MTL_FAST_MATH = YES;
				SDKROOT = iphoneos;
				SWIFT_COMPILATION_MODE = wholemodule;
				SWIFT_OPTIMIZATION_LEVEL = "-O";
				VALIDATE_PRODUCT = YES;
			};
			name = Release;
		};
		9375EEF425D1B3910003A323 /* Debug */ = {
			isa = XCBuildConfiguration;
			buildSettings = {
				ASSETCATALOG_COMPILER_APPICON_NAME = AppIcon;
				ASSETCATALOG_COMPILER_GLOBAL_ACCENT_COLOR_NAME = AccentColor;
				CODE_SIGN_STYLE = Automatic;
				DEVELOPMENT_ASSET_PATHS = "\"Ratio/Preview Content\"";
				DEVELOPMENT_TEAM = A5L5S7CN8F;
				ENABLE_PREVIEWS = YES;
				INFOPLIST_FILE = Ratio/Info.plist;
				IPHONEOS_DEPLOYMENT_TARGET = 14.0;
				LD_RUNPATH_SEARCH_PATHS = (
					"$(inherited)",
					"@executable_path/Frameworks",
				);
				PRODUCT_BUNDLE_IDENTIFIER = com.prsclla.Ratio;
				PRODUCT_NAME = "$(TARGET_NAME)";
				SWIFT_VERSION = 5.0;
				TARGETED_DEVICE_FAMILY = "1,2";
			};
			name = Debug;
		};
		9375EEF525D1B3910003A323 /* Release */ = {
			isa = XCBuildConfiguration;
			buildSettings = {
				ASSETCATALOG_COMPILER_APPICON_NAME = AppIcon;
				ASSETCATALOG_COMPILER_GLOBAL_ACCENT_COLOR_NAME = AccentColor;
				CODE_SIGN_STYLE = Automatic;
				DEVELOPMENT_ASSET_PATHS = "\"Ratio/Preview Content\"";
				DEVELOPMENT_TEAM = A5L5S7CN8F;
				ENABLE_PREVIEWS = YES;
				INFOPLIST_FILE = Ratio/Info.plist;
				IPHONEOS_DEPLOYMENT_TARGET = 14.0;
				LD_RUNPATH_SEARCH_PATHS = (
					"$(inherited)",
					"@executable_path/Frameworks",
				);
				PRODUCT_BUNDLE_IDENTIFIER = com.prsclla.Ratio;
				PRODUCT_NAME = "$(TARGET_NAME)";
				SWIFT_VERSION = 5.0;
				TARGETED_DEVICE_FAMILY = "1,2";
			};
			name = Release;
		};
/* End XCBuildConfiguration section */

/* Begin XCConfigurationList section */
		9375EEDF25D1B3900003A323 /* Build configuration list for PBXProject "Ratio" */ = {
			isa = XCConfigurationList;
			buildConfigurations = (
				9375EEF125D1B3910003A323 /* Debug */,
				9375EEF225D1B3910003A323 /* Release */,
			);
			defaultConfigurationIsVisible = 0;
			defaultConfigurationName = Release;
		};
		9375EEF325D1B3910003A323 /* Build configuration list for PBXNativeTarget "Ratio" */ = {
			isa = XCConfigurationList;
			buildConfigurations = (
				9375EEF425D1B3910003A323 /* Debug */,
				9375EEF525D1B3910003A323 /* Release */,
			);
			defaultConfigurationIsVisible = 0;
			defaultConfigurationName = Release;
		};
/* End XCConfigurationList section */

/* Begin XCRemoteSwiftPackageReference section */
		937FD32925D216160048C406 /* XCRemoteSwiftPackageReference "swift-composable-architecture" */ = {
			isa = XCRemoteSwiftPackageReference;
			repositoryURL = "https://github.com/pointfreeco/swift-composable-architecture";
			requirement = {
				kind = upToNextMinorVersion;
				minimumVersion = 0.16.0;
			};
		};
/* End XCRemoteSwiftPackageReference section */

/* Begin XCSwiftPackageProductDependency section */
		937FD32A25D216160048C406 /* ComposableArchitecture */ = {
			isa = XCSwiftPackageProductDependency;
			package = 937FD32925D216160048C406 /* XCRemoteSwiftPackageReference "swift-composable-architecture" */;
			productName = ComposableArchitecture;
		};
/* End XCSwiftPackageProductDependency section */
	};
	rootObject = 9375EEDC25D1B3900003A323 /* Project object */;
}
