// !$*UTF8*$!
{
	archiveVersion = 1;
	classes = {
	};
	objectVersion = 56;
	objects = {

/* Begin PBXBuildFile section */
		9314109326A08DC500B48044 /* CafeoFontStyle.swift in Sources */ = {isa = PBXBuildFile; fileRef = 9314109226A08DC500B48044 /* CafeoFontStyle.swift */; };
		9314109B26A09C2500B48044 /* CafeoButtonStyle.swift in Sources */ = {isa = PBXBuildFile; fileRef = 9314109A26A09C2500B48044 /* CafeoButtonStyle.swift */; };
		931410A526A0A2F200B48044 /* CafeoIcon.swift in Sources */ = {isa = PBXBuildFile; fileRef = 931410A426A0A2F200B48044 /* CafeoIcon.swift */; };
		931BE97925F7DF030030444F /* CafeoIngredientQuantityButton.swift in Sources */ = {isa = PBXBuildFile; fileRef = 931BE97825F7DF030030444F /* CafeoIngredientQuantityButton.swift */; };
		932102A4260BDE14001FDE3B /* CafeoUnitConversionViewTests.swift in Sources */ = {isa = PBXBuildFile; fileRef = 9382B08926028B7F004DCA4B /* CafeoUnitConversionViewTests.swift */; };
		932102A5260BDE14001FDE3B /* CafeoCoffeeAmountViewTests.swift in Sources */ = {isa = PBXBuildFile; fileRef = 9382B09326028C17004DCA4B /* CafeoCoffeeAmountViewTests.swift */; };
		932102A7260BDE14001FDE3B /* CafeoWaterAmountViewTests.swift in Sources */ = {isa = PBXBuildFile; fileRef = 9382B08F26028BC6004DCA4B /* CafeoWaterAmountViewTests.swift */; };
		935103552615711900C8F490 /* Localizable.strings in Resources */ = {isa = PBXBuildFile; fileRef = 935103572615711900C8F490 /* Localizable.strings */; };
		9369F3332A0818B500858E3F /* CommonStrings.swift in Sources */ = {isa = PBXBuildFile; fileRef = 9369F3322A0818B500858E3F /* CommonStrings.swift */; };
		936BAAB626A0E9DF0089E43B /* CafeoToggle.swift in Sources */ = {isa = PBXBuildFile; fileRef = 936BAAB526A0E9DF0089E43B /* CafeoToggle.swift */; };
		936E212027C9DDFD001830E3 /* AppState+Mock.swift in Sources */ = {isa = PBXBuildFile; fileRef = 936E211E27C9DDE5001830E3 /* AppState+Mock.swift */; };
		9375EEE825D1B3900003A323 /* CafeoApp.swift in Sources */ = {isa = PBXBuildFile; fileRef = 9375EEE725D1B3900003A323 /* CafeoApp.swift */; };
		9375EEEC25D1B3910003A323 /* Assets.xcassets in Resources */ = {isa = PBXBuildFile; fileRef = 9375EEEB25D1B3910003A323 /* Assets.xcassets */; };
		9375EEEF25D1B3910003A323 /* Preview Assets.xcassets in Resources */ = {isa = PBXBuildFile; fileRef = 9375EEEE25D1B3910003A323 /* Preview Assets.xcassets */; };
		937FD32525D2115E0048C406 /* CafeoLockToggleStyle.swift in Sources */ = {isa = PBXBuildFile; fileRef = 937FD32425D2115E0048C406 /* CafeoLockToggleStyle.swift */; };
		937FD32B25D216160048C406 /* ComposableArchitecture in Frameworks */ = {isa = PBXBuildFile; productRef = 937FD32A25D216160048C406 /* ComposableArchitecture */; };
		937FD32E25D216830048C406 /* AppState.swift in Sources */ = {isa = PBXBuildFile; fileRef = 937FD32D25D216830048C406 /* AppState.swift */; };
		9382B0AF2603C400004DCA4B /* AppState+UserDefaults.swift in Sources */ = {isa = PBXBuildFile; fileRef = 9382B0AE2603C400004DCA4B /* AppState+UserDefaults.swift */; };
		938D224F262922F5004EFF8D /* CafeoIngredientAmountView.swift in Sources */ = {isa = PBXBuildFile; fileRef = 938D224E262922F5004EFF8D /* CafeoIngredientAmountView.swift */; };
		938D225F262932B6004EFF8D /* CafeoRatioSnapCarousel.swift in Sources */ = {isa = PBXBuildFile; fileRef = 938D225E262932B6004EFF8D /* CafeoRatioSnapCarousel.swift */; };
		938E9CFF262933DC003FF53A /* CafeoRatioViewTests.swift in Sources */ = {isa = PBXBuildFile; fileRef = 9382B09D26029A58004DCA4B /* CafeoRatioViewTests.swift */; };
		9391338226150FC50077757A /* HapticFeedbackManager.swift in Sources */ = {isa = PBXBuildFile; fileRef = 9391338126150FC50077757A /* HapticFeedbackManager.swift */; };
		93A9FDEA25F6911D006D5428 /* CafeoMainView.swift in Sources */ = {isa = PBXBuildFile; fileRef = 93A9FDE925F6911D006D5428 /* CafeoMainView.swift */; };
		93B4C77425F90FC900E479C1 /* View+Extension.swift in Sources */ = {isa = PBXBuildFile; fileRef = 93B4C77325F90FC900E479C1 /* View+Extension.swift */; };
		93B4C77D25FA74E900E479C1 /* CafeoUnitConversionView.swift in Sources */ = {isa = PBXBuildFile; fileRef = 93B4C77C25FA74E900E479C1 /* CafeoUnitConversionView.swift */; };
		93B4C78225FA752D00E479C1 /* CafeoRatioView.swift in Sources */ = {isa = PBXBuildFile; fileRef = 93B4C78125FA752D00E479C1 /* CafeoRatioView.swift */; };
		93B4C78B25FD38D500E479C1 /* CommonAssets.swift in Sources */ = {isa = PBXBuildFile; fileRef = 93B4C78A25FD38D500E479C1 /* CommonAssets.swift */; };
		93B4C78F25FD3A8C00E479C1 /* BoundsPreferenceKey.swift in Sources */ = {isa = PBXBuildFile; fileRef = 93B4C78E25FD3A8C00E479C1 /* BoundsPreferenceKey.swift */; };
		93B4C79725FD3AE300E479C1 /* CafeoWaterAmountView.swift in Sources */ = {isa = PBXBuildFile; fileRef = 93B4C79625FD3AE300E479C1 /* CafeoWaterAmountView.swift */; };
		93B4C79A25FD3B0300E479C1 /* CafeoCoffeeAmountView.swift in Sources */ = {isa = PBXBuildFile; fileRef = 93B4C79925FD3B0300E479C1 /* CafeoCoffeeAmountView.swift */; };
		93B4C7A325FD62E400E479C1 /* Comparable+Extension.swift in Sources */ = {isa = PBXBuildFile; fileRef = 93B4C7A225FD62E300E479C1 /* Comparable+Extension.swift */; };
		93B4C7A925FDC2BD00E479C1 /* Double+Extension.swift in Sources */ = {isa = PBXBuildFile; fileRef = 93B4C7A825FDC2BD00E479C1 /* Double+Extension.swift */; };
		93B4C7AC25FDC47C00E479C1 /* AppState+Helpers.swift in Sources */ = {isa = PBXBuildFile; fileRef = 93B4C7AB25FDC47C00E479C1 /* AppState+Helpers.swift */; };
		93B4C7AF25FDC4A700E479C1 /* Reducer+Extension.swift in Sources */ = {isa = PBXBuildFile; fileRef = 93B4C7AE25FDC4A700E479C1 /* Reducer+Extension.swift */; };
		93C8399625F6979F00C66710 /* Orbitron-Medium.ttf in Resources */ = {isa = PBXBuildFile; fileRef = 93C8399325F6979F00C66710 /* Orbitron-Medium.ttf */; };
		93C8399725F6979F00C66710 /* Exo2-SemiBold.ttf in Resources */ = {isa = PBXBuildFile; fileRef = 93C8399425F6979F00C66710 /* Exo2-SemiBold.ttf */; };
		93C8399825F6979F00C66710 /* Exo2-MediumItalic.ttf in Resources */ = {isa = PBXBuildFile; fileRef = 93C8399525F6979F00C66710 /* Exo2-MediumItalic.ttf */; };
		93FC57F12A082927009E3359 /* CommonConstants.swift in Sources */ = {isa = PBXBuildFile; fileRef = 93FC57F02A082927009E3359 /* CommonConstants.swift */; };
/* End PBXBuildFile section */

/* Begin PBXContainerItemProxy section */
		9321029A260BDDFB001FDE3B /* PBXContainerItemProxy */ = {
			isa = PBXContainerItemProxy;
			containerPortal = 9375EEDC25D1B3900003A323 /* Project object */;
			proxyType = 1;
			remoteGlobalIDString = 9375EEE325D1B3900003A323;
			remoteInfo = Ratio;
		};
/* End PBXContainerItemProxy section */

/* Begin PBXFileReference section */
		9314109226A08DC500B48044 /* CafeoFontStyle.swift */ = {isa = PBXFileReference; lastKnownFileType = sourcecode.swift; path = CafeoFontStyle.swift; sourceTree = "<group>"; };
		9314109A26A09C2500B48044 /* CafeoButtonStyle.swift */ = {isa = PBXFileReference; lastKnownFileType = sourcecode.swift; path = CafeoButtonStyle.swift; sourceTree = "<group>"; };
		931410A426A0A2F200B48044 /* CafeoIcon.swift */ = {isa = PBXFileReference; lastKnownFileType = sourcecode.swift; path = CafeoIcon.swift; sourceTree = "<group>"; };
		931BE97825F7DF030030444F /* CafeoIngredientQuantityButton.swift */ = {isa = PBXFileReference; lastKnownFileType = sourcecode.swift; path = CafeoIngredientQuantityButton.swift; sourceTree = "<group>"; };
		93210295260BDDFB001FDE3B /* CafeoTests.xctest */ = {isa = PBXFileReference; explicitFileType = wrapper.cfbundle; includeInIndex = 0; path = CafeoTests.xctest; sourceTree = BUILT_PRODUCTS_DIR; };
		935103562615711900C8F490 /* en */ = {isa = PBXFileReference; lastKnownFileType = text.plist.strings; name = en; path = en.lproj/Localizable.strings; sourceTree = "<group>"; };
		9351035A2615711E00C8F490 /* fr */ = {isa = PBXFileReference; lastKnownFileType = text.plist.strings; name = fr; path = fr.lproj/Localizable.strings; sourceTree = "<group>"; };
		9351035B2615711F00C8F490 /* fr-CA */ = {isa = PBXFileReference; lastKnownFileType = text.plist.strings; name = "fr-CA"; path = "fr-CA.lproj/Localizable.strings"; sourceTree = "<group>"; };
		9360DCC42A08301700F3062D /* Info.plist */ = {isa = PBXFileReference; fileEncoding = 4; lastKnownFileType = text.plist.xml; path = Info.plist; sourceTree = "<group>"; };
		9369F3322A0818B500858E3F /* CommonStrings.swift */ = {isa = PBXFileReference; lastKnownFileType = sourcecode.swift; path = CommonStrings.swift; sourceTree = "<group>"; };
		936BAAB526A0E9DF0089E43B /* CafeoToggle.swift */ = {isa = PBXFileReference; lastKnownFileType = sourcecode.swift; path = CafeoToggle.swift; sourceTree = "<group>"; };
		936E211E27C9DDE5001830E3 /* AppState+Mock.swift */ = {isa = PBXFileReference; lastKnownFileType = sourcecode.swift; path = "AppState+Mock.swift"; sourceTree = "<group>"; };
		9375EEE425D1B3900003A323 /* Cafeo.app */ = {isa = PBXFileReference; explicitFileType = wrapper.application; includeInIndex = 0; path = Cafeo.app; sourceTree = BUILT_PRODUCTS_DIR; };
		9375EEE725D1B3900003A323 /* CafeoApp.swift */ = {isa = PBXFileReference; lastKnownFileType = sourcecode.swift; path = CafeoApp.swift; sourceTree = "<group>"; };
		9375EEEB25D1B3910003A323 /* Assets.xcassets */ = {isa = PBXFileReference; lastKnownFileType = folder.assetcatalog; path = Assets.xcassets; sourceTree = "<group>"; };
		9375EEEE25D1B3910003A323 /* Preview Assets.xcassets */ = {isa = PBXFileReference; lastKnownFileType = folder.assetcatalog; path = "Preview Assets.xcassets"; sourceTree = "<group>"; };
		937FD32425D2115E0048C406 /* CafeoLockToggleStyle.swift */ = {isa = PBXFileReference; lastKnownFileType = sourcecode.swift; path = CafeoLockToggleStyle.swift; sourceTree = "<group>"; };
		937FD32D25D216830048C406 /* AppState.swift */ = {isa = PBXFileReference; lastKnownFileType = sourcecode.swift; path = AppState.swift; sourceTree = "<group>"; };
		9382B08926028B7F004DCA4B /* CafeoUnitConversionViewTests.swift */ = {isa = PBXFileReference; lastKnownFileType = sourcecode.swift; path = CafeoUnitConversionViewTests.swift; sourceTree = "<group>"; };
		9382B08F26028BC6004DCA4B /* CafeoWaterAmountViewTests.swift */ = {isa = PBXFileReference; lastKnownFileType = sourcecode.swift; path = CafeoWaterAmountViewTests.swift; sourceTree = "<group>"; };
		9382B09326028C17004DCA4B /* CafeoCoffeeAmountViewTests.swift */ = {isa = PBXFileReference; lastKnownFileType = sourcecode.swift; path = CafeoCoffeeAmountViewTests.swift; sourceTree = "<group>"; };
		9382B09D26029A58004DCA4B /* CafeoRatioViewTests.swift */ = {isa = PBXFileReference; lastKnownFileType = sourcecode.swift; path = CafeoRatioViewTests.swift; sourceTree = "<group>"; };
		9382B0AE2603C400004DCA4B /* AppState+UserDefaults.swift */ = {isa = PBXFileReference; lastKnownFileType = sourcecode.swift; path = "AppState+UserDefaults.swift"; sourceTree = "<group>"; };
		938D224E262922F5004EFF8D /* CafeoIngredientAmountView.swift */ = {isa = PBXFileReference; lastKnownFileType = sourcecode.swift; path = CafeoIngredientAmountView.swift; sourceTree = "<group>"; };
		938D225E262932B6004EFF8D /* CafeoRatioSnapCarousel.swift */ = {isa = PBXFileReference; lastKnownFileType = sourcecode.swift; path = CafeoRatioSnapCarousel.swift; sourceTree = "<group>"; };
		9391338126150FC50077757A /* HapticFeedbackManager.swift */ = {isa = PBXFileReference; lastKnownFileType = sourcecode.swift; path = HapticFeedbackManager.swift; sourceTree = "<group>"; };
		93A9FDE925F6911D006D5428 /* CafeoMainView.swift */ = {isa = PBXFileReference; lastKnownFileType = sourcecode.swift; path = CafeoMainView.swift; sourceTree = "<group>"; };
		93B4C77325F90FC900E479C1 /* View+Extension.swift */ = {isa = PBXFileReference; lastKnownFileType = sourcecode.swift; path = "View+Extension.swift"; sourceTree = "<group>"; };
		93B4C77C25FA74E900E479C1 /* CafeoUnitConversionView.swift */ = {isa = PBXFileReference; lastKnownFileType = sourcecode.swift; path = CafeoUnitConversionView.swift; sourceTree = "<group>"; };
		93B4C78125FA752D00E479C1 /* CafeoRatioView.swift */ = {isa = PBXFileReference; lastKnownFileType = sourcecode.swift; path = CafeoRatioView.swift; sourceTree = "<group>"; };
		93B4C78A25FD38D500E479C1 /* CommonAssets.swift */ = {isa = PBXFileReference; lastKnownFileType = sourcecode.swift; path = CommonAssets.swift; sourceTree = "<group>"; };
		93B4C78E25FD3A8C00E479C1 /* BoundsPreferenceKey.swift */ = {isa = PBXFileReference; lastKnownFileType = sourcecode.swift; path = BoundsPreferenceKey.swift; sourceTree = "<group>"; };
		93B4C79625FD3AE300E479C1 /* CafeoWaterAmountView.swift */ = {isa = PBXFileReference; lastKnownFileType = sourcecode.swift; path = CafeoWaterAmountView.swift; sourceTree = "<group>"; };
		93B4C79925FD3B0300E479C1 /* CafeoCoffeeAmountView.swift */ = {isa = PBXFileReference; lastKnownFileType = sourcecode.swift; path = CafeoCoffeeAmountView.swift; sourceTree = "<group>"; };
		93B4C7A225FD62E300E479C1 /* Comparable+Extension.swift */ = {isa = PBXFileReference; lastKnownFileType = sourcecode.swift; path = "Comparable+Extension.swift"; sourceTree = "<group>"; };
		93B4C7A825FDC2BD00E479C1 /* Double+Extension.swift */ = {isa = PBXFileReference; lastKnownFileType = sourcecode.swift; path = "Double+Extension.swift"; sourceTree = "<group>"; };
		93B4C7AB25FDC47C00E479C1 /* AppState+Helpers.swift */ = {isa = PBXFileReference; lastKnownFileType = sourcecode.swift; path = "AppState+Helpers.swift"; sourceTree = "<group>"; };
		93B4C7AE25FDC4A700E479C1 /* Reducer+Extension.swift */ = {isa = PBXFileReference; lastKnownFileType = sourcecode.swift; path = "Reducer+Extension.swift"; sourceTree = "<group>"; };
		93C8399325F6979F00C66710 /* Orbitron-Medium.ttf */ = {isa = PBXFileReference; lastKnownFileType = file; path = "Orbitron-Medium.ttf"; sourceTree = "<group>"; };
		93C8399425F6979F00C66710 /* Exo2-SemiBold.ttf */ = {isa = PBXFileReference; lastKnownFileType = file; path = "Exo2-SemiBold.ttf"; sourceTree = "<group>"; };
		93C8399525F6979F00C66710 /* Exo2-MediumItalic.ttf */ = {isa = PBXFileReference; lastKnownFileType = file; path = "Exo2-MediumItalic.ttf"; sourceTree = "<group>"; };
		93FC57F02A082927009E3359 /* CommonConstants.swift */ = {isa = PBXFileReference; lastKnownFileType = sourcecode.swift; path = CommonConstants.swift; sourceTree = "<group>"; };
/* End PBXFileReference section */

/* Begin PBXFrameworksBuildPhase section */
		93210292260BDDFB001FDE3B /* Frameworks */ = {
			isa = PBXFrameworksBuildPhase;
			buildActionMask = 2147483647;
			files = (
			);
			runOnlyForDeploymentPostprocessing = 0;
		};
		9375EEE125D1B3900003A323 /* Frameworks */ = {
			isa = PBXFrameworksBuildPhase;
			buildActionMask = 2147483647;
			files = (
				937FD32B25D216160048C406 /* ComposableArchitecture in Frameworks */,
			);
			runOnlyForDeploymentPostprocessing = 0;
		};
/* End PBXFrameworksBuildPhase section */

/* Begin PBXGroup section */
		93210296260BDDFB001FDE3B /* CafeoTests */ = {
			isa = PBXGroup;
			children = (
				9369F3302A08179300858E3F /* Mocks */,
				9382B09D26029A58004DCA4B /* CafeoRatioViewTests.swift */,
				9382B09326028C17004DCA4B /* CafeoCoffeeAmountViewTests.swift */,
				9382B08F26028BC6004DCA4B /* CafeoWaterAmountViewTests.swift */,
				9382B08926028B7F004DCA4B /* CafeoUnitConversionViewTests.swift */,
			);
			path = CafeoTests;
			sourceTree = "<group>";
		};
		9360DCCA2A092B2900F3062D /* Extensions */ = {
			isa = PBXGroup;
			children = (
				93B4C77325F90FC900E479C1 /* View+Extension.swift */,
			);
			path = Extensions;
			sourceTree = "<group>";
		};
		9369F3302A08179300858E3F /* Mocks */ = {
			isa = PBXGroup;
			children = (
				936E211E27C9DDE5001830E3 /* AppState+Mock.swift */,
			);
			path = Mocks;
			sourceTree = "<group>";
		};
		9369F3312A0817F700858E3F /* DesignKit */ = {
			isa = PBXGroup;
			children = (
				9314109A26A09C2500B48044 /* CafeoButtonStyle.swift */,
				9314109226A08DC500B48044 /* CafeoFontStyle.swift */,
				931410A426A0A2F200B48044 /* CafeoIcon.swift */,
				9360DCCA2A092B2900F3062D /* Extensions */,
			);
			path = DesignKit;
			sourceTree = "<group>";
		};
		9369F3352A081F3000858E3F /* CafeoIngredientAmountView */ = {
			isa = PBXGroup;
			children = (
				938D224E262922F5004EFF8D /* CafeoIngredientAmountView.swift */,
				93B4C79925FD3B0300E479C1 /* CafeoCoffeeAmountView.swift */,
				93B4C79625FD3AE300E479C1 /* CafeoWaterAmountView.swift */,
				931BE97825F7DF030030444F /* CafeoIngredientQuantityButton.swift */,
				937FD32725D211670048C406 /* ToggleStyle */,
			);
			path = CafeoIngredientAmountView;
			sourceTree = "<group>";
		};
		9369F3362A081F4000858E3F /* CafeoRatioView */ = {
			isa = PBXGroup;
			children = (
				938D225E262932B6004EFF8D /* CafeoRatioSnapCarousel.swift */,
				93B4C78125FA752D00E479C1 /* CafeoRatioView.swift */,
			);
			path = CafeoRatioView;
			sourceTree = "<group>";
		};
		9375EEDB25D1B3900003A323 = {
			isa = PBXGroup;
			children = (
				9375EEE625D1B3900003A323 /* Cafeo */,
				93210296260BDDFB001FDE3B /* CafeoTests */,
				9375EEE525D1B3900003A323 /* Products */,
			);
			sourceTree = "<group>";
		};
		9375EEE525D1B3900003A323 /* Products */ = {
			isa = PBXGroup;
			children = (
				9375EEE425D1B3900003A323 /* Cafeo.app */,
				93210295260BDDFB001FDE3B /* CafeoTests.xctest */,
			);
			name = Products;
			sourceTree = "<group>";
		};
		9375EEE625D1B3900003A323 /* Cafeo */ = {
			isa = PBXGroup;
			children = (
				93FC57EE2A082888009E3359 /* Common */,
				9369F3312A0817F700858E3F /* DesignKit */,
				9376F42226291E1C00BEABAB /* TCA */,
				93B4C77F25FA751A00E479C1 /* Views */,
				93B4C76D25F7E53700E479C1 /* Extensions */,
				9391338526150FC90077757A /* Managers */,
				93C8399A25F697A400C66710 /* Resources */,
				9375EEED25D1B3910003A323 /* Preview Content */,
				9360DCC42A08301700F3062D /* Info.plist */,
			);
			path = Cafeo;
			sourceTree = "<group>";
		};
		9375EEED25D1B3910003A323 /* Preview Content */ = {
			isa = PBXGroup;
			children = (
				9375EEEE25D1B3910003A323 /* Preview Assets.xcassets */,
			);
			path = "Preview Content";
			sourceTree = "<group>";
		};
		9376F42226291E1C00BEABAB /* TCA */ = {
			isa = PBXGroup;
			children = (
				937FD32D25D216830048C406 /* AppState.swift */,
				93B4C7AB25FDC47C00E479C1 /* AppState+Helpers.swift */,
				9382B0AE2603C400004DCA4B /* AppState+UserDefaults.swift */,
				93B4C7AE25FDC4A700E479C1 /* Reducer+Extension.swift */,
			);
			path = TCA;
			sourceTree = "<group>";
		};
		937FD32725D211670048C406 /* ToggleStyle */ = {
			isa = PBXGroup;
			children = (
				937FD32425D2115E0048C406 /* CafeoLockToggleStyle.swift */,
			);
			path = ToggleStyle;
			sourceTree = "<group>";
		};
		9391338526150FC90077757A /* Managers */ = {
			isa = PBXGroup;
			children = (
				9391338126150FC50077757A /* HapticFeedbackManager.swift */,
			);
			path = Managers;
			sourceTree = "<group>";
		};
		93B4C76D25F7E53700E479C1 /* Extensions */ = {
			isa = PBXGroup;
			children = (
				93B4C7A225FD62E300E479C1 /* Comparable+Extension.swift */,
				93B4C7A825FDC2BD00E479C1 /* Double+Extension.swift */,
			);
			path = Extensions;
			sourceTree = "<group>";
		};
		93B4C77F25FA751A00E479C1 /* Views */ = {
			isa = PBXGroup;
			children = (
				9375EEE725D1B3900003A323 /* CafeoApp.swift */,
				93A9FDE925F6911D006D5428 /* CafeoMainView.swift */,
				9369F3352A081F3000858E3F /* CafeoIngredientAmountView */,
				9369F3362A081F4000858E3F /* CafeoRatioView */,
				93FC57ED2A082714009E3359 /* CafeoUnitConversionView */,
			);
			path = Views;
			sourceTree = "<group>";
		};
		93B4C79125FD3A8F00E479C1 /* PreferenceKey */ = {
			isa = PBXGroup;
			children = (
				93B4C78E25FD3A8C00E479C1 /* BoundsPreferenceKey.swift */,
			);
			path = PreferenceKey;
			sourceTree = "<group>";
		};
		93C8399225F6979F00C66710 /* Fonts */ = {
			isa = PBXGroup;
			children = (
				93C8399325F6979F00C66710 /* Orbitron-Medium.ttf */,
				93C8399425F6979F00C66710 /* Exo2-SemiBold.ttf */,
				93C8399525F6979F00C66710 /* Exo2-MediumItalic.ttf */,
			);
			path = Fonts;
			sourceTree = "<group>";
		};
		93C8399A25F697A400C66710 /* Resources */ = {
			isa = PBXGroup;
			children = (
				935103572615711900C8F490 /* Localizable.strings */,
				93C8399225F6979F00C66710 /* Fonts */,
			);
			path = Resources;
			sourceTree = "<group>";
		};
		93FC57ED2A082714009E3359 /* CafeoUnitConversionView */ = {
			isa = PBXGroup;
			children = (
				93B4C77C25FA74E900E479C1 /* CafeoUnitConversionView.swift */,
				936BAAB526A0E9DF0089E43B /* CafeoToggle.swift */,
				93B4C79125FD3A8F00E479C1 /* PreferenceKey */,
			);
			path = CafeoUnitConversionView;
			sourceTree = "<group>";
		};
		93FC57EE2A082888009E3359 /* Common */ = {
			isa = PBXGroup;
			children = (
				93B4C78A25FD38D500E479C1 /* CommonAssets.swift */,
				93FC57F02A082927009E3359 /* CommonConstants.swift */,
				9369F3322A0818B500858E3F /* CommonStrings.swift */,
				9375EEEB25D1B3910003A323 /* Assets.xcassets */,
			);
			path = Common;
			sourceTree = "<group>";
		};
/* End PBXGroup section */

/* Begin PBXNativeTarget section */
		93210294260BDDFB001FDE3B /* CafeoTests */ = {
			isa = PBXNativeTarget;
			buildConfigurationList = 9321029E260BDDFB001FDE3B /* Build configuration list for PBXNativeTarget "CafeoTests" */;
			buildPhases = (
				93210291260BDDFB001FDE3B /* Sources */,
				93210292260BDDFB001FDE3B /* Frameworks */,
				93210293260BDDFB001FDE3B /* Resources */,
			);
			buildRules = (
			);
			dependencies = (
				9321029B260BDDFB001FDE3B /* PBXTargetDependency */,
			);
			name = CafeoTests;
			packageProductDependencies = (
			);
			productName = CafeoTests;
			productReference = 93210295260BDDFB001FDE3B /* CafeoTests.xctest */;
			productType = "com.apple.product-type.bundle.unit-test";
		};
		9375EEE325D1B3900003A323 /* Cafeo */ = {
			isa = PBXNativeTarget;
			buildConfigurationList = 9375EEF325D1B3910003A323 /* Build configuration list for PBXNativeTarget "Cafeo" */;
			buildPhases = (
				9375EEE025D1B3900003A323 /* Sources */,
				9375EEE125D1B3900003A323 /* Frameworks */,
				9375EEE225D1B3900003A323 /* Resources */,
			);
			buildRules = (
			);
			dependencies = (
			);
			name = Cafeo;
			packageProductDependencies = (
				937FD32A25D216160048C406 /* ComposableArchitecture */,
			);
			productName = Ratio;
			productReference = 9375EEE425D1B3900003A323 /* Cafeo.app */;
			productType = "com.apple.product-type.application";
		};
/* End PBXNativeTarget section */

/* Begin PBXProject section */
		9375EEDC25D1B3900003A323 /* Project object */ = {
			isa = PBXProject;
			attributes = {
				LastSwiftUpdateCheck = 1240;
				LastUpgradeCheck = 1240;
				TargetAttributes = {
					93210294260BDDFB001FDE3B = {
						CreatedOnToolsVersion = 12.4;
						TestTargetID = 9375EEE325D1B3900003A323;
					};
					9375EEE325D1B3900003A323 = {
						CreatedOnToolsVersion = 12.4;
					};
				};
			};
			buildConfigurationList = 9375EEDF25D1B3900003A323 /* Build configuration list for PBXProject "Cafeo" */;
			compatibilityVersion = "Xcode 14.0";
			developmentRegion = en;
			hasScannedForEncodings = 0;
			knownRegions = (
				en,
				Base,
				"fr-CA",
				fr,
			);
			mainGroup = 9375EEDB25D1B3900003A323;
			packageReferences = (
				937FD32925D216160048C406 /* XCRemoteSwiftPackageReference "swift-composable-architecture" */,
			);
			productRefGroup = 9375EEE525D1B3900003A323 /* Products */;
			projectDirPath = "";
			projectRoot = "";
			targets = (
				9375EEE325D1B3900003A323 /* Cafeo */,
				93210294260BDDFB001FDE3B /* CafeoTests */,
			);
		};
/* End PBXProject section */

/* Begin PBXResourcesBuildPhase section */
		93210293260BDDFB001FDE3B /* Resources */ = {
			isa = PBXResourcesBuildPhase;
			buildActionMask = 2147483647;
			files = (
			);
			runOnlyForDeploymentPostprocessing = 0;
		};
		9375EEE225D1B3900003A323 /* Resources */ = {
			isa = PBXResourcesBuildPhase;
			buildActionMask = 2147483647;
			files = (
				9375EEEF25D1B3910003A323 /* Preview Assets.xcassets in Resources */,
				935103552615711900C8F490 /* Localizable.strings in Resources */,
				9375EEEC25D1B3910003A323 /* Assets.xcassets in Resources */,
				93C8399625F6979F00C66710 /* Orbitron-Medium.ttf in Resources */,
				93C8399825F6979F00C66710 /* Exo2-MediumItalic.ttf in Resources */,
				93C8399725F6979F00C66710 /* Exo2-SemiBold.ttf in Resources */,
			);
			runOnlyForDeploymentPostprocessing = 0;
		};
/* End PBXResourcesBuildPhase section */

/* Begin PBXSourcesBuildPhase section */
		93210291260BDDFB001FDE3B /* Sources */ = {
			isa = PBXSourcesBuildPhase;
			buildActionMask = 2147483647;
			files = (
				938E9CFF262933DC003FF53A /* CafeoRatioViewTests.swift in Sources */,
				932102A5260BDE14001FDE3B /* CafeoCoffeeAmountViewTests.swift in Sources */,
				932102A4260BDE14001FDE3B /* CafeoUnitConversionViewTests.swift in Sources */,
				932102A7260BDE14001FDE3B /* CafeoWaterAmountViewTests.swift in Sources */,
			);
			runOnlyForDeploymentPostprocessing = 0;
		};
		9375EEE025D1B3900003A323 /* Sources */ = {
			isa = PBXSourcesBuildPhase;
			buildActionMask = 2147483647;
			files = (
				93B4C7A325FD62E400E479C1 /* Comparable+Extension.swift in Sources */,
				93B4C78B25FD38D500E479C1 /* CommonAssets.swift in Sources */,
				931BE97925F7DF030030444F /* CafeoIngredientQuantityButton.swift in Sources */,
				9382B0AF2603C400004DCA4B /* AppState+UserDefaults.swift in Sources */,
				9391338226150FC50077757A /* HapticFeedbackManager.swift in Sources */,
				93A9FDEA25F6911D006D5428 /* CafeoMainView.swift in Sources */,
				937FD32525D2115E0048C406 /* CafeoLockToggleStyle.swift in Sources */,
				93FC57F12A082927009E3359 /* CommonConstants.swift in Sources */,
				9314109326A08DC500B48044 /* CafeoFontStyle.swift in Sources */,
				937FD32E25D216830048C406 /* AppState.swift in Sources */,
				93B4C7AC25FDC47C00E479C1 /* AppState+Helpers.swift in Sources */,
				938D224F262922F5004EFF8D /* CafeoIngredientAmountView.swift in Sources */,
				93B4C7A925FDC2BD00E479C1 /* Double+Extension.swift in Sources */,
				93B4C78F25FD3A8C00E479C1 /* BoundsPreferenceKey.swift in Sources */,
				93B4C7AF25FDC4A700E479C1 /* Reducer+Extension.swift in Sources */,
				9314109B26A09C2500B48044 /* CafeoButtonStyle.swift in Sources */,
				93B4C78225FA752D00E479C1 /* CafeoRatioView.swift in Sources */,
				9369F3332A0818B500858E3F /* CommonStrings.swift in Sources */,
				938D225F262932B6004EFF8D /* CafeoRatioSnapCarousel.swift in Sources */,
				93B4C79A25FD3B0300E479C1 /* CafeoCoffeeAmountView.swift in Sources */,
				93B4C77425F90FC900E479C1 /* View+Extension.swift in Sources */,
				936BAAB626A0E9DF0089E43B /* CafeoToggle.swift in Sources */,
				93B4C77D25FA74E900E479C1 /* CafeoUnitConversionView.swift in Sources */,
				93B4C79725FD3AE300E479C1 /* CafeoWaterAmountView.swift in Sources */,
				936E212027C9DDFD001830E3 /* AppState+Mock.swift in Sources */,
				931410A526A0A2F200B48044 /* CafeoIcon.swift in Sources */,
				9375EEE825D1B3900003A323 /* CafeoApp.swift in Sources */,
			);
			runOnlyForDeploymentPostprocessing = 0;
		};
/* End PBXSourcesBuildPhase section */

/* Begin PBXTargetDependency section */
		9321029B260BDDFB001FDE3B /* PBXTargetDependency */ = {
			isa = PBXTargetDependency;
			target = 9375EEE325D1B3900003A323 /* Cafeo */;
			targetProxy = 9321029A260BDDFB001FDE3B /* PBXContainerItemProxy */;
		};
/* End PBXTargetDependency section */

/* Begin PBXVariantGroup section */
		935103572615711900C8F490 /* Localizable.strings */ = {
			isa = PBXVariantGroup;
			children = (
				935103562615711900C8F490 /* en */,
				9351035A2615711E00C8F490 /* fr */,
				9351035B2615711F00C8F490 /* fr-CA */,
			);
			name = Localizable.strings;
			sourceTree = "<group>";
		};
/* End PBXVariantGroup section */

/* Begin XCBuildConfiguration section */
		9321029C260BDDFB001FDE3B /* Debug */ = {
			isa = XCBuildConfiguration;
			buildSettings = {
				BUNDLE_LOADER = "$(TEST_HOST)";
				CODE_SIGN_STYLE = Automatic;
				DEVELOPMENT_TEAM = A5L5S7CN8F;
				INFOPLIST_FILE = Cafeo/Info.plist;
				LD_RUNPATH_SEARCH_PATHS = (
					"$(inherited)",
					"@executable_path/Frameworks",
					"@loader_path/Frameworks",
				);
				PRODUCT_BUNDLE_IDENTIFIER = com.prsclla.CafeoTests;
				PRODUCT_NAME = "$(TARGET_NAME)";
				SWIFT_VERSION = 5.0;
				TARGETED_DEVICE_FAMILY = "1,2";
				TEST_HOST = "$(BUILT_PRODUCTS_DIR)/Cafeo.app/Cafeo";
			};
			name = Debug;
		};
		9321029D260BDDFB001FDE3B /* Release */ = {
			isa = XCBuildConfiguration;
			buildSettings = {
				BUNDLE_LOADER = "$(TEST_HOST)";
				CODE_SIGN_STYLE = Automatic;
				DEVELOPMENT_TEAM = A5L5S7CN8F;
				INFOPLIST_FILE = Cafeo/Info.plist;
				LD_RUNPATH_SEARCH_PATHS = (
					"$(inherited)",
					"@executable_path/Frameworks",
					"@loader_path/Frameworks",
				);
				PRODUCT_BUNDLE_IDENTIFIER = com.prsclla.CafeoTests;
				PRODUCT_NAME = "$(TARGET_NAME)";
				SWIFT_VERSION = 5.0;
				TARGETED_DEVICE_FAMILY = "1,2";
				TEST_HOST = "$(BUILT_PRODUCTS_DIR)/Cafeo.app/Cafeo";
			};
			name = Release;
		};
		9375EEF125D1B3910003A323 /* Debug */ = {
			isa = XCBuildConfiguration;
			buildSettings = {
				ALWAYS_SEARCH_USER_PATHS = NO;
				CLANG_ANALYZER_NONNULL = YES;
				CLANG_ANALYZER_NUMBER_OBJECT_CONVERSION = YES_AGGRESSIVE;
				CLANG_CXX_LANGUAGE_STANDARD = "gnu++14";
				CLANG_CXX_LIBRARY = "libc++";
				CLANG_ENABLE_MODULES = YES;
				CLANG_ENABLE_OBJC_ARC = YES;
				CLANG_ENABLE_OBJC_WEAK = YES;
				CLANG_WARN_BLOCK_CAPTURE_AUTORELEASING = YES;
				CLANG_WARN_BOOL_CONVERSION = YES;
				CLANG_WARN_COMMA = YES;
				CLANG_WARN_CONSTANT_CONVERSION = YES;
				CLANG_WARN_DEPRECATED_OBJC_IMPLEMENTATIONS = YES;
				CLANG_WARN_DIRECT_OBJC_ISA_USAGE = YES_ERROR;
				CLANG_WARN_DOCUMENTATION_COMMENTS = YES;
				CLANG_WARN_EMPTY_BODY = YES;
				CLANG_WARN_ENUM_CONVERSION = YES;
				CLANG_WARN_INFINITE_RECURSION = YES;
				CLANG_WARN_INT_CONVERSION = YES;
				CLANG_WARN_NON_LITERAL_NULL_CONVERSION = YES;
				CLANG_WARN_OBJC_IMPLICIT_RETAIN_SELF = YES;
				CLANG_WARN_OBJC_LITERAL_CONVERSION = YES;
				CLANG_WARN_OBJC_ROOT_CLASS = YES_ERROR;
				CLANG_WARN_QUOTED_INCLUDE_IN_FRAMEWORK_HEADER = YES;
				CLANG_WARN_RANGE_LOOP_ANALYSIS = YES;
				CLANG_WARN_STRICT_PROTOTYPES = YES;
				CLANG_WARN_SUSPICIOUS_MOVE = YES;
				CLANG_WARN_UNGUARDED_AVAILABILITY = YES_AGGRESSIVE;
				CLANG_WARN_UNREACHABLE_CODE = YES;
				CLANG_WARN__DUPLICATE_METHOD_MATCH = YES;
				COPY_PHASE_STRIP = NO;
				DEBUG_INFORMATION_FORMAT = dwarf;
				ENABLE_STRICT_OBJC_MSGSEND = YES;
				ENABLE_TESTABILITY = YES;
				GCC_C_LANGUAGE_STANDARD = gnu11;
				GCC_DYNAMIC_NO_PIC = NO;
				GCC_NO_COMMON_BLOCKS = YES;
				GCC_OPTIMIZATION_LEVEL = 0;
				GCC_PREPROCESSOR_DEFINITIONS = (
					"DEBUG=1",
					"$(inherited)",
				);
				GCC_WARN_64_TO_32_BIT_CONVERSION = YES;
				GCC_WARN_ABOUT_RETURN_TYPE = YES_ERROR;
				GCC_WARN_UNDECLARED_SELECTOR = YES;
				GCC_WARN_UNINITIALIZED_AUTOS = YES_AGGRESSIVE;
				GCC_WARN_UNUSED_FUNCTION = YES;
				GCC_WARN_UNUSED_VARIABLE = YES;
				IPHONEOS_DEPLOYMENT_TARGET = 16.2;
				MTL_ENABLE_DEBUG_INFO = INCLUDE_SOURCE;
				MTL_FAST_MATH = YES;
				ONLY_ACTIVE_ARCH = YES;
				SDKROOT = iphoneos;
				SWIFT_ACTIVE_COMPILATION_CONDITIONS = DEBUG;
				SWIFT_OPTIMIZATION_LEVEL = "-Onone";
			};
			name = Debug;
		};
		9375EEF225D1B3910003A323 /* Release */ = {
			isa = XCBuildConfiguration;
			buildSettings = {
				ALWAYS_SEARCH_USER_PATHS = NO;
				CLANG_ANALYZER_NONNULL = YES;
				CLANG_ANALYZER_NUMBER_OBJECT_CONVERSION = YES_AGGRESSIVE;
				CLANG_CXX_LANGUAGE_STANDARD = "gnu++14";
				CLANG_CXX_LIBRARY = "libc++";
				CLANG_ENABLE_MODULES = YES;
				CLANG_ENABLE_OBJC_ARC = YES;
				CLANG_ENABLE_OBJC_WEAK = YES;
				CLANG_WARN_BLOCK_CAPTURE_AUTORELEASING = YES;
				CLANG_WARN_BOOL_CONVERSION = YES;
				CLANG_WARN_COMMA = YES;
				CLANG_WARN_CONSTANT_CONVERSION = YES;
				CLANG_WARN_DEPRECATED_OBJC_IMPLEMENTATIONS = YES;
				CLANG_WARN_DIRECT_OBJC_ISA_USAGE = YES_ERROR;
				CLANG_WARN_DOCUMENTATION_COMMENTS = YES;
				CLANG_WARN_EMPTY_BODY = YES;
				CLANG_WARN_ENUM_CONVERSION = YES;
				CLANG_WARN_INFINITE_RECURSION = YES;
				CLANG_WARN_INT_CONVERSION = YES;
				CLANG_WARN_NON_LITERAL_NULL_CONVERSION = YES;
				CLANG_WARN_OBJC_IMPLICIT_RETAIN_SELF = YES;
				CLANG_WARN_OBJC_LITERAL_CONVERSION = YES;
				CLANG_WARN_OBJC_ROOT_CLASS = YES_ERROR;
				CLANG_WARN_QUOTED_INCLUDE_IN_FRAMEWORK_HEADER = YES;
				CLANG_WARN_RANGE_LOOP_ANALYSIS = YES;
				CLANG_WARN_STRICT_PROTOTYPES = YES;
				CLANG_WARN_SUSPICIOUS_MOVE = YES;
				CLANG_WARN_UNGUARDED_AVAILABILITY = YES_AGGRESSIVE;
				CLANG_WARN_UNREACHABLE_CODE = YES;
				CLANG_WARN__DUPLICATE_METHOD_MATCH = YES;
				COPY_PHASE_STRIP = NO;
				DEBUG_INFORMATION_FORMAT = "dwarf-with-dsym";
				ENABLE_NS_ASSERTIONS = NO;
				ENABLE_STRICT_OBJC_MSGSEND = YES;
				GCC_C_LANGUAGE_STANDARD = gnu11;
				GCC_NO_COMMON_BLOCKS = YES;
				GCC_WARN_64_TO_32_BIT_CONVERSION = YES;
				GCC_WARN_ABOUT_RETURN_TYPE = YES_ERROR;
				GCC_WARN_UNDECLARED_SELECTOR = YES;
				GCC_WARN_UNINITIALIZED_AUTOS = YES_AGGRESSIVE;
				GCC_WARN_UNUSED_FUNCTION = YES;
				GCC_WARN_UNUSED_VARIABLE = YES;
				IPHONEOS_DEPLOYMENT_TARGET = 16.2;
				MTL_ENABLE_DEBUG_INFO = NO;
				MTL_FAST_MATH = YES;
				SDKROOT = iphoneos;
				SWIFT_COMPILATION_MODE = wholemodule;
				SWIFT_OPTIMIZATION_LEVEL = "-O";
				VALIDATE_PRODUCT = YES;
			};
			name = Release;
		};
		9375EEF425D1B3910003A323 /* Debug */ = {
			isa = XCBuildConfiguration;
			buildSettings = {
				ASSETCATALOG_COMPILER_APPICON_NAME = AppIcon;
				ASSETCATALOG_COMPILER_GLOBAL_ACCENT_COLOR_NAME = AccentColor;
				CODE_SIGN_STYLE = Automatic;
				DEVELOPMENT_ASSET_PATHS = "\"Cafeo/Preview Content\"";
				DEVELOPMENT_TEAM = A5L5S7CN8F;
				ENABLE_PREVIEWS = YES;
				INFOPLIST_FILE = Cafeo/Info.plist;
				IPHONEOS_DEPLOYMENT_TARGET = 16.2;
				LD_RUNPATH_SEARCH_PATHS = (
					"$(inherited)",
					"@executable_path/Frameworks",
				);
				PRODUCT_BUNDLE_IDENTIFIER = com.prsclla.cafeo;
				PRODUCT_NAME = "$(TARGET_NAME)";
				SWIFT_VERSION = 5.0;
				TARGETED_DEVICE_FAMILY = 1;
			};
			name = Debug;
		};
		9375EEF525D1B3910003A323 /* Release */ = {
			isa = XCBuildConfiguration;
			buildSettings = {
				ASSETCATALOG_COMPILER_APPICON_NAME = AppIcon;
				ASSETCATALOG_COMPILER_GLOBAL_ACCENT_COLOR_NAME = AccentColor;
				CODE_SIGN_STYLE = Automatic;
				DEVELOPMENT_ASSET_PATHS = "\"Cafeo/Preview Content\"";
				DEVELOPMENT_TEAM = A5L5S7CN8F;
				ENABLE_PREVIEWS = YES;
				INFOPLIST_FILE = Cafeo/Info.plist;
				IPHONEOS_DEPLOYMENT_TARGET = 16.2;
				LD_RUNPATH_SEARCH_PATHS = (
					"$(inherited)",
					"@executable_path/Frameworks",
				);
				PRODUCT_BUNDLE_IDENTIFIER = com.prsclla.cafeo;
				PRODUCT_NAME = "$(TARGET_NAME)";
				SWIFT_VERSION = 5.0;
				TARGETED_DEVICE_FAMILY = 1;
			};
			name = Release;
		};
/* End XCBuildConfiguration section */

/* Begin XCConfigurationList section */
		9321029E260BDDFB001FDE3B /* Build configuration list for PBXNativeTarget "CafeoTests" */ = {
			isa = XCConfigurationList;
			buildConfigurations = (
				9321029C260BDDFB001FDE3B /* Debug */,
				9321029D260BDDFB001FDE3B /* Release */,
			);
			defaultConfigurationIsVisible = 0;
			defaultConfigurationName = Release;
		};
		9375EEDF25D1B3900003A323 /* Build configuration list for PBXProject "Cafeo" */ = {
			isa = XCConfigurationList;
			buildConfigurations = (
				9375EEF125D1B3910003A323 /* Debug */,
				9375EEF225D1B3910003A323 /* Release */,
			);
			defaultConfigurationIsVisible = 0;
			defaultConfigurationName = Release;
		};
		9375EEF325D1B3910003A323 /* Build configuration list for PBXNativeTarget "Cafeo" */ = {
			isa = XCConfigurationList;
			buildConfigurations = (
				9375EEF425D1B3910003A323 /* Debug */,
				9375EEF525D1B3910003A323 /* Release */,
			);
			defaultConfigurationIsVisible = 0;
			defaultConfigurationName = Release;
		};
/* End XCConfigurationList section */

/* Begin XCRemoteSwiftPackageReference section */
		937FD32925D216160048C406 /* XCRemoteSwiftPackageReference "swift-composable-architecture" */ = {
			isa = XCRemoteSwiftPackageReference;
			repositoryURL = "https://github.com/pointfreeco/swift-composable-architecture";
			requirement = {
				kind = upToNextMinorVersion;
				minimumVersion = 0.17.0;
			};
		};
/* End XCRemoteSwiftPackageReference section */

/* Begin XCSwiftPackageProductDependency section */
		937FD32A25D216160048C406 /* ComposableArchitecture */ = {
			isa = XCSwiftPackageProductDependency;
			package = 937FD32925D216160048C406 /* XCRemoteSwiftPackageReference "swift-composable-architecture" */;
			productName = ComposableArchitecture;
		};
/* End XCSwiftPackageProductDependency section */
	};
	rootObject = 9375EEDC25D1B3900003A323 /* Project object */;
}
